{
  "name": "stencil",
  "version": "0.0.1",
  "lockfileVersion": 1,
  "requires": true,
  "dependencies": {
    "@stencil/core": {
      "version": "1.0.0-alpha.21",
      "resolved": "https://registry.npmjs.org/@stencil/core/-/core-1.0.0-alpha.21.tgz",
      "integrity": "sha512-3mlGYstYWUvIbcopfwbpwDnvEIbUTe5f/7SBeeLigRTS2z4xs3+edMjSmP8asaH9+wsidu21nyeBEhPry0KXqw==",
      "requires": {
        "typescript": "3.4.4"
      }
    },
    "@stencil/router": {
      "version": "0.3.1",
      "resolved": "https://registry.npmjs.org/@stencil/router/-/router-0.3.1.tgz",
      "integrity": "sha512-FytA0vLV2+8cGrzqxRltjMycK3T5UNRo1p6ii948RFbRy2AEqe+Zzr7GQOK2cbDPZu6X3fZbLfhiZyK5hGgyIw==",
      "requires": {
        "@stencil/state-tunnel": "0.0.9-1"
      }
    },
    "@stencil/state-tunnel": {
      "version": "0.0.9-1",
      "resolved": "https://registry.npmjs.org/@stencil/state-tunnel/-/state-tunnel-0.0.9-1.tgz",
      "integrity": "sha512-Dn04TXjwM+H+1HB6R5B9WwLOKTq/kT/YIwGtAAxiAwYFCugiSWZuE2vf3I8dkCLlEetib5/QAz9MYJ4H4BRKZg=="
    },
    "typescript": {
      "version": "3.4.4",
      "resolved": "https://registry.npmjs.org/typescript/-/typescript-3.4.4.tgz",
      "integrity": "sha512-xt5RsIRCEaf6+j9AyOBgvVuAec0i92rgCaS3S+UVf5Z/vF2Hvtsw08wtUTJqp4djwznoAgjSxeCcU4r+CcDBJA=="
    }
  }
}
