{
  "name": "stencil",
  "version": "0.0.1",
  "lockfileVersion": 1,
  "requires": true,
  "dependencies": {
    "@stencil/core": {
      "version": "1.0.0-alpha.21",
      "resolved": "https://registry.npmjs.org/@stencil/core/-/core-1.0.0-alpha.21.tgz",
      "integrity": "sha512-3mlGYstYWUvIbcopfwbpwDnvEIbUTe5f/7SBeeLigRTS2z4xs3+edMjSmP8asaH9+wsidu21nyeBEhPry0KXqw==",
      "requires": {
        "typescript": "3.4.4"
      }
    },
    "typescript": {
      "version": "3.4.4",
      "resolved": "https://registry.npmjs.org/typescript/-/typescript-3.4.4.tgz",
      "integrity": "sha512-xt5RsIRCEaf6+j9AyOBgvVuAec0i92rgCaS3S+UVf5Z/vF2Hvtsw08wtUTJqp4djwznoAgjSxeCcU4r+CcDBJA=="
    }
  }
}
